
Microsoft Visual Studio Solution File, Format Version 12.00
# Visual Studio Version 16
VisualStudioVersion = 16.0.31005.135
MinimumVisualStudioVersion = 10.0.40219.1
Project("{9A19103F-16F7-4668-BE54-9A1E7A4F7556}") = "BlogAppClient", "BlogAppClient.csproj", "{0FB2638C-01F4-417F-AE8E-FDE34FD210B9}"
EndProject
Global
	GlobalSection(SolutionConfigurationPlatforms) = preSolution
		Debug|Any CPU = Debug|Any CPU
		Release|Any CPU = Release|Any CPU
	EndGlobalSection
	GlobalSection(ProjectConfigurationPlatforms) = postSolution
		{0FB2638C-01F4-417F-AE8E-FDE34FD210B9}.Debug|Any CPU.ActiveCfg = Debug|Any CPU
		{0FB2638C-01F4-417F-AE8E-FDE34FD210B9}.Debug|Any CPU.Build.0 = Debug|Any CPU
		{0FB2638C-01F4-417F-AE8E-FDE34FD210B9}.Release|Any CPU.ActiveCfg = Release|Any CPU
		{0FB2638C-01F4-417F-AE8E-FDE34FD210B9}.Release|Any CPU.Build.0 = Release|Any CPU
	EndGlobalSection
	GlobalSection(SolutionProperties) = preSolution
		HideSolutionNode = FALSE
	EndGlobalSection
	GlobalSection(ExtensibilityGlobals) = postSolution
		SolutionGuid = {7DC17642-C265-4B37-B7A8-91204E3EEF06}
	EndGlobalSection
EndGlobal
